
Microsoft Visual Studio Solution File, Format Version 12.00
# Visual Studio Version 17
VisualStudioVersion = 17.0.32112.339
MinimumVisualStudioVersion = 10.0.40219.1
Project("{FAE04EC0-301F-11D3-BF4B-00C04F79EFBC}") = "LedgerCo", "LedgerCo.csproj", "{9AD3746E-CADD-4157-9388-C63F94EE602E}"
EndProject
Project("{FAE04EC0-301F-11D3-BF4B-00C04F79EFBC}") = "LedgerCo.UnitTest", "..\LedgerCo.UnitTest\LedgerCo.UnitTest.csproj", "{CA4E01F7-6982-428A-B949-3A7E71812F36}"
EndProject
Global
	GlobalSection(SolutionConfigurationPlatforms) = preSolution
		Debug|Any CPU = Debug|Any CPU
		Release|Any CPU = Release|Any CPU
	EndGlobalSection
	GlobalSection(ProjectConfigurationPlatforms) = postSolution
		{9AD3746E-CADD-4157-9388-C63F94EE602E}.Debug|Any CPU.ActiveCfg = Debug|Any CPU
		{9AD3746E-CADD-4157-9388-C63F94EE602E}.Debug|Any CPU.Build.0 = Debug|Any CPU
		{9AD3746E-CADD-4157-9388-C63F94EE602E}.Release|Any CPU.ActiveCfg = Release|Any CPU
		{9AD3746E-CADD-4157-9388-C63F94EE602E}.Release|Any CPU.Build.0 = Release|Any CPU
		{CA4E01F7-6982-428A-B949-3A7E71812F36}.Debug|Any CPU.ActiveCfg = Debug|Any CPU
		{CA4E01F7-6982-428A-B949-3A7E71812F36}.Debug|Any CPU.Build.0 = Debug|Any CPU
		{CA4E01F7-6982-428A-B949-3A7E71812F36}.Release|Any CPU.ActiveCfg = Release|Any CPU
		{CA4E01F7-6982-428A-B949-3A7E71812F36}.Release|Any CPU.Build.0 = Release|Any CPU
	EndGlobalSection
	GlobalSection(SolutionProperties) = preSolution
		HideSolutionNode = FALSE
	EndGlobalSection
	GlobalSection(ExtensibilityGlobals) = postSolution
		SolutionGuid = {B2FB0C72-F972-4243-91DA-597C9BCB6980}
	EndGlobalSection
EndGlobal
